# THIS IS AN AUTOGENERATED FILE. DO NOT EDIT THIS FILE DIRECTLY.
# yarn lockfile v1


react-native-get-sms-android@^2.1.0:
  version "2.1.0"
  resolved "https://registry.yarnpkg.com/react-native-get-sms-android/-/react-native-get-sms-android-2.1.0.tgz#0b04bd017f6e7f8a3c1ac9e61960e73d76750be0"
  integrity sha512-yYPlJ4DkuC9HnUL0ni644pDjRFnSQkdGHowIY5ab56YFDKHIEZ1rKuBCEbCWF0HALyvH6qCyfdHqwpzTtIj97w==
